
Microsoft Visual Studio Solution File, Format Version 12.00
# Visual Studio Version 17
VisualStudioVersion = 17.1.32407.343
MinimumVisualStudioVersion = 10.0.40219.1
Project("{FAE04EC0-301F-11D3-BF4B-00C04F79EFBC}") = "GamePanelHUDHealth", "GamePanelHUDHealth\GamePanelHUDHealth.csproj", "{D0B0C60C-0A9C-4E93-8CB3-73C4BECDEA8D}"
EndProject
Project("{FAE04EC0-301F-11D3-BF4B-00C04F79EFBC}") = "GamePanelHUDWeapon", "GamePanelHUDWeapon\GamePanelHUDWeapon.csproj", "{808DEB9B-1331-4F71-B3A1-DD7A8D699466}"
EndProject
Project("{FAE04EC0-301F-11D3-BF4B-00C04F79EFBC}") = "GamePanelHUDGrenade", "GamePanelHUDGrenade\GamePanelHUDGrenade.csproj", "{694937A0-2DCD-48D5-A4F2-D6893D3FDC94}"
EndProject
Project("{FAE04EC0-301F-11D3-BF4B-00C04F79EFBC}") = "GamePanelHUDCompass", "GamePanelHUDCompass\GamePanelHUDCompass.csproj", "{51EFD06C-E92C-4710-A8B1-ED3CC4B3035E}"
EndProject
Project("{FAE04EC0-301F-11D3-BF4B-00C04F79EFBC}") = "GamePanelHUDDebug", "GamePanelHUDDebug\GamePanelHUDDebug.csproj", "{19EB5049-59C0-40A6-8EA3-8343C0A80188}"
EndProject
Project("{FAE04EC0-301F-11D3-BF4B-00C04F79EFBC}") = "GamePanelHUDHit", "GamePanelHUDHit\GamePanelHUDHit.csproj", "{798133E6-F502-4D73-BB3A-4C4D56D14FF5}"
EndProject
Project("{FAE04EC0-301F-11D3-BF4B-00C04F79EFBC}") = "GamePanelHUDCore", "GamePanelHUDCore\GamePanelHUDCore.csproj", "{55F2FBF1-8CEC-4B1E-A920-FA6DD908B751}"
EndProject
Project("{FAE04EC0-301F-11D3-BF4B-00C04F79EFBC}") = "GamePanelHUDMap", "GamePanelHUDMap\GamePanelHUDMap.csproj", "{584889B0-F5DD-4D62-AE31-B4F4571BAE90}"
EndProject
Project("{FAE04EC0-301F-11D3-BF4B-00C04F79EFBC}") = "Build", "Build\Build.csproj", "{A86680EF-DD21-4DDA-AD2A-132D83B61263}"
EndProject
Project("{FAE04EC0-301F-11D3-BF4B-00C04F79EFBC}") = "GamePanelHUDKill", "GamePanelHUDKill\GamePanelHUDKill.csproj", "{D067F025-D2B8-44E8-869E-747E1C9A7B78}"
EndProject
Global
	GlobalSection(SolutionConfigurationPlatforms) = preSolution
		Debug|Any CPU = Debug|Any CPU
		Preview|Any CPU = Preview|Any CPU
		Release|Any CPU = Release|Any CPU
		UNITY_EDITOR|Any CPU = UNITY_EDITOR|Any CPU
	EndGlobalSection
	GlobalSection(ProjectConfigurationPlatforms) = postSolution
		{D0B0C60C-0A9C-4E93-8CB3-73C4BECDEA8D}.Debug|Any CPU.ActiveCfg = Debug|Any CPU
		{D0B0C60C-0A9C-4E93-8CB3-73C4BECDEA8D}.Debug|Any CPU.Build.0 = Debug|Any CPU
		{D0B0C60C-0A9C-4E93-8CB3-73C4BECDEA8D}.Preview|Any CPU.ActiveCfg = Preview|Any CPU
		{D0B0C60C-0A9C-4E93-8CB3-73C4BECDEA8D}.Preview|Any CPU.Build.0 = Preview|Any CPU
		{D0B0C60C-0A9C-4E93-8CB3-73C4BECDEA8D}.Release|Any CPU.ActiveCfg = Release|Any CPU
		{D0B0C60C-0A9C-4E93-8CB3-73C4BECDEA8D}.Release|Any CPU.Build.0 = Release|Any CPU
		{D0B0C60C-0A9C-4E93-8CB3-73C4BECDEA8D}.UNITY_EDITOR|Any CPU.ActiveCfg = UNITY_EDITOR|Any CPU
		{D0B0C60C-0A9C-4E93-8CB3-73C4BECDEA8D}.UNITY_EDITOR|Any CPU.Build.0 = UNITY_EDITOR|Any CPU
		{808DEB9B-1331-4F71-B3A1-DD7A8D699466}.Debug|Any CPU.ActiveCfg = Debug|Any CPU
		{808DEB9B-1331-4F71-B3A1-DD7A8D699466}.Debug|Any CPU.Build.0 = Debug|Any CPU
		{808DEB9B-1331-4F71-B3A1-DD7A8D699466}.Preview|Any CPU.ActiveCfg = Preview|Any CPU
		{808DEB9B-1331-4F71-B3A1-DD7A8D699466}.Preview|Any CPU.Build.0 = Preview|Any CPU
		{808DEB9B-1331-4F71-B3A1-DD7A8D699466}.Release|Any CPU.ActiveCfg = Release|Any CPU
		{808DEB9B-1331-4F71-B3A1-DD7A8D699466}.Release|Any CPU.Build.0 = Release|Any CPU
		{808DEB9B-1331-4F71-B3A1-DD7A8D699466}.UNITY_EDITOR|Any CPU.ActiveCfg = UNITY_EDITOR|Any CPU
		{808DEB9B-1331-4F71-B3A1-DD7A8D699466}.UNITY_EDITOR|Any CPU.Build.0 = UNITY_EDITOR|Any CPU
		{694937A0-2DCD-48D5-A4F2-D6893D3FDC94}.Debug|Any CPU.ActiveCfg = Debug|Any CPU
		{694937A0-2DCD-48D5-A4F2-D6893D3FDC94}.Debug|Any CPU.Build.0 = Debug|Any CPU
		{694937A0-2DCD-48D5-A4F2-D6893D3FDC94}.Preview|Any CPU.ActiveCfg = Preview|Any CPU
		{694937A0-2DCD-48D5-A4F2-D6893D3FDC94}.Preview|Any CPU.Build.0 = Preview|Any CPU
		{694937A0-2DCD-48D5-A4F2-D6893D3FDC94}.Release|Any CPU.ActiveCfg = Release|Any CPU
		{694937A0-2DCD-48D5-A4F2-D6893D3FDC94}.Release|Any CPU.Build.0 = Release|Any CPU
		{694937A0-2DCD-48D5-A4F2-D6893D3FDC94}.UNITY_EDITOR|Any CPU.ActiveCfg = UNITY_EDITOR|Any CPU
		{694937A0-2DCD-48D5-A4F2-D6893D3FDC94}.UNITY_EDITOR|Any CPU.Build.0 = UNITY_EDITOR|Any CPU
		{51EFD06C-E92C-4710-A8B1-ED3CC4B3035E}.Debug|Any CPU.ActiveCfg = Debug|Any CPU
		{51EFD06C-E92C-4710-A8B1-ED3CC4B3035E}.Debug|Any CPU.Build.0 = Debug|Any CPU
		{51EFD06C-E92C-4710-A8B1-ED3CC4B3035E}.Preview|Any CPU.ActiveCfg = Preview|Any CPU
		{51EFD06C-E92C-4710-A8B1-ED3CC4B3035E}.Preview|Any CPU.Build.0 = Preview|Any CPU
		{51EFD06C-E92C-4710-A8B1-ED3CC4B3035E}.Release|Any CPU.ActiveCfg = Release|Any CPU
		{51EFD06C-E92C-4710-A8B1-ED3CC4B3035E}.Release|Any CPU.Build.0 = Release|Any CPU
		{51EFD06C-E92C-4710-A8B1-ED3CC4B3035E}.UNITY_EDITOR|Any CPU.ActiveCfg = UNITY_EDITOR|Any CPU
		{51EFD06C-E92C-4710-A8B1-ED3CC4B3035E}.UNITY_EDITOR|Any CPU.Build.0 = UNITY_EDITOR|Any CPU
		{19EB5049-59C0-40A6-8EA3-8343C0A80188}.Debug|Any CPU.ActiveCfg = Debug|Any CPU
		{19EB5049-59C0-40A6-8EA3-8343C0A80188}.Debug|Any CPU.Build.0 = Debug|Any CPU
		{19EB5049-59C0-40A6-8EA3-8343C0A80188}.Preview|Any CPU.ActiveCfg = UNITY_EDITOR|Any CPU
		{19EB5049-59C0-40A6-8EA3-8343C0A80188}.Release|Any CPU.ActiveCfg = Release|Any CPU
		{19EB5049-59C0-40A6-8EA3-8343C0A80188}.Release|Any CPU.Build.0 = Release|Any CPU
		{19EB5049-59C0-40A6-8EA3-8343C0A80188}.UNITY_EDITOR|Any CPU.ActiveCfg = UNITY_EDITOR|Any CPU
		{19EB5049-59C0-40A6-8EA3-8343C0A80188}.UNITY_EDITOR|Any CPU.Build.0 = UNITY_EDITOR|Any CPU
		{798133E6-F502-4D73-BB3A-4C4D56D14FF5}.Debug|Any CPU.ActiveCfg = Debug|Any CPU
		{798133E6-F502-4D73-BB3A-4C4D56D14FF5}.Debug|Any CPU.Build.0 = Debug|Any CPU
		{798133E6-F502-4D73-BB3A-4C4D56D14FF5}.Preview|Any CPU.ActiveCfg = Preview|Any CPU
		{798133E6-F502-4D73-BB3A-4C4D56D14FF5}.Preview|Any CPU.Build.0 = Preview|Any CPU
		{798133E6-F502-4D73-BB3A-4C4D56D14FF5}.Release|Any CPU.ActiveCfg = Release|Any CPU
		{798133E6-F502-4D73-BB3A-4C4D56D14FF5}.Release|Any CPU.Build.0 = Release|Any CPU
		{798133E6-F502-4D73-BB3A-4C4D56D14FF5}.UNITY_EDITOR|Any CPU.ActiveCfg = UNITY_EDITOR|Any CPU
		{798133E6-F502-4D73-BB3A-4C4D56D14FF5}.UNITY_EDITOR|Any CPU.Build.0 = UNITY_EDITOR|Any CPU
		{55F2FBF1-8CEC-4B1E-A920-FA6DD908B751}.Debug|Any CPU.ActiveCfg = Debug|Any CPU
		{55F2FBF1-8CEC-4B1E-A920-FA6DD908B751}.Debug|Any CPU.Build.0 = Debug|Any CPU
		{55F2FBF1-8CEC-4B1E-A920-FA6DD908B751}.Preview|Any CPU.ActiveCfg = Preview|Any CPU
		{55F2FBF1-8CEC-4B1E-A920-FA6DD908B751}.Preview|Any CPU.Build.0 = Preview|Any CPU
		{55F2FBF1-8CEC-4B1E-A920-FA6DD908B751}.Release|Any CPU.ActiveCfg = Release|Any CPU
		{55F2FBF1-8CEC-4B1E-A920-FA6DD908B751}.Release|Any CPU.Build.0 = Release|Any CPU
		{55F2FBF1-8CEC-4B1E-A920-FA6DD908B751}.UNITY_EDITOR|Any CPU.ActiveCfg = UNITY_EDITOR|Any CPU
		{55F2FBF1-8CEC-4B1E-A920-FA6DD908B751}.UNITY_EDITOR|Any CPU.Build.0 = UNITY_EDITOR|Any CPU
		{584889B0-F5DD-4D62-AE31-B4F4571BAE90}.Debug|Any CPU.ActiveCfg = Debug|Any CPU
		{584889B0-F5DD-4D62-AE31-B4F4571BAE90}.Debug|Any CPU.Build.0 = Debug|Any CPU
		{584889B0-F5DD-4D62-AE31-B4F4571BAE90}.Preview|Any CPU.ActiveCfg = UNITY_EDITOR|Any CPU
		{584889B0-F5DD-4D62-AE31-B4F4571BAE90}.Release|Any CPU.ActiveCfg = Release|Any CPU
		{584889B0-F5DD-4D62-AE31-B4F4571BAE90}.Release|Any CPU.Build.0 = Release|Any CPU
		{584889B0-F5DD-4D62-AE31-B4F4571BAE90}.UNITY_EDITOR|Any CPU.ActiveCfg = UNITY_EDITOR|Any CPU
		{A86680EF-DD21-4DDA-AD2A-132D83B61263}.Debug|Any CPU.ActiveCfg = Debug|Any CPU
		{A86680EF-DD21-4DDA-AD2A-132D83B61263}.Debug|Any CPU.Build.0 = Debug|Any CPU
		{A86680EF-DD21-4DDA-AD2A-132D83B61263}.Preview|Any CPU.ActiveCfg = Preview|Any CPU
		{A86680EF-DD21-4DDA-AD2A-132D83B61263}.Preview|Any CPU.Build.0 = Preview|Any CPU
		{A86680EF-DD21-4DDA-AD2A-132D83B61263}.Release|Any CPU.ActiveCfg = Release|Any CPU
		{A86680EF-DD21-4DDA-AD2A-132D83B61263}.Release|Any CPU.Build.0 = Release|Any CPU
		{A86680EF-DD21-4DDA-AD2A-132D83B61263}.UNITY_EDITOR|Any CPU.ActiveCfg = UNITY_EDITOR|Any CPU
		{A86680EF-DD21-4DDA-AD2A-132D83B61263}.UNITY_EDITOR|Any CPU.Build.0 = UNITY_EDITOR|Any CPU
		{D067F025-D2B8-44E8-869E-747E1C9A7B78}.Debug|Any CPU.ActiveCfg = Debug|Any CPU
		{D067F025-D2B8-44E8-869E-747E1C9A7B78}.Debug|Any CPU.Build.0 = Debug|Any CPU
		{D067F025-D2B8-44E8-869E-747E1C9A7B78}.Preview|Any CPU.ActiveCfg = Preview|Any CPU
		{D067F025-D2B8-44E8-869E-747E1C9A7B78}.Preview|Any CPU.Build.0 = Preview|Any CPU
		{D067F025-D2B8-44E8-869E-747E1C9A7B78}.Release|Any CPU.ActiveCfg = Release|Any CPU
		{D067F025-D2B8-44E8-869E-747E1C9A7B78}.Release|Any CPU.Build.0 = Release|Any CPU
		{D067F025-D2B8-44E8-869E-747E1C9A7B78}.UNITY_EDITOR|Any CPU.ActiveCfg = UNITY_EDITOR|Any CPU
		{D067F025-D2B8-44E8-869E-747E1C9A7B78}.UNITY_EDITOR|Any CPU.Build.0 = UNITY_EDITOR|Any CPU
	EndGlobalSection
	GlobalSection(SolutionProperties) = preSolution
		HideSolutionNode = FALSE
	EndGlobalSection
	GlobalSection(ExtensibilityGlobals) = postSolution
		SolutionGuid = {42643E30-3B43-4F8F-969F-8702D7DF78DE}
	EndGlobalSection
EndGlobal
